// !$*UTF8*$!
{
	archiveVersion = 1;
	classes = {
	};
	objectVersion = 55;
	objects = {

/* Begin PBXBuildFile section */
		4A9ED61D2860E6460099D4D2 /* LoactionButtonApp.swift in Sources */ = {isa = PBXBuildFile; fileRef = 4A9ED61C2860E6460099D4D2 /* LoactionButtonApp.swift */; };
		4A9ED61F2860E6460099D4D2 /* ContentView.swift in Sources */ = {isa = PBXBuildFile; fileRef = 4A9ED61E2860E6460099D4D2 /* ContentView.swift */; };
		4A9ED6212860E64A0099D4D2 /* Assets.xcassets in Resources */ = {isa = PBXBuildFile; fileRef = 4A9ED6202860E64A0099D4D2 /* Assets.xcassets */; };
		4A9ED6242860E64A0099D4D2 /* Preview Assets.xcassets in Resources */ = {isa = PBXBuildFile; fileRef = 4A9ED6232860E64A0099D4D2 /* Preview Assets.xcassets */; };
		4A9ED62E2860E64B0099D4D2 /* LoactionButtonTests.swift in Sources */ = {isa = PBXBuildFile; fileRef = 4A9ED62D2860E64B0099D4D2 /* LoactionButtonTests.swift */; };
		4A9ED6382860E64B0099D4D2 /* LoactionButtonUITests.swift in Sources */ = {isa = PBXBuildFile; fileRef = 4A9ED6372860E64B0099D4D2 /* LoactionButtonUITests.swift */; };
		4A9ED63A2860E64B0099D4D2 /* LoactionButtonUITestsLaunchTests.swift in Sources */ = {isa = PBXBuildFile; fileRef = 4A9ED6392860E64B0099D4D2 /* LoactionButtonUITestsLaunchTests.swift */; };
/* End PBXBuildFile section */

/* Begin PBXContainerItemProxy section */
		4A9ED62A2860E64B0099D4D2 /* PBXContainerItemProxy */ = {
			isa = PBXContainerItemProxy;
			containerPortal = 4A9ED6112860E6460099D4D2 /* Project object */;
			proxyType = 1;
			remoteGlobalIDString = 4A9ED6182860E6460099D4D2;
			remoteInfo = LoactionButton;
		};
		4A9ED6342860E64B0099D4D2 /* PBXContainerItemProxy */ = {
			isa = PBXContainerItemProxy;
			containerPortal = 4A9ED6112860E6460099D4D2 /* Project object */;
			proxyType = 1;
			remoteGlobalIDString = 4A9ED6182860E6460099D4D2;
			remoteInfo = LoactionButton;
		};
/* End PBXContainerItemProxy section */

/* Begin PBXFileReference section */
		4A9ED6192860E6460099D4D2 /* LoactionButton.app */ = {isa = PBXFileReference; explicitFileType = wrapper.application; includeInIndex = 0; path = LoactionButton.app; sourceTree = BUILT_PRODUCTS_DIR; };
		4A9ED61C2860E6460099D4D2 /* LoactionButtonApp.swift */ = {isa = PBXFileReference; lastKnownFileType = sourcecode.swift; path = LoactionButtonApp.swift; sourceTree = "<group>"; };
		4A9ED61E2860E6460099D4D2 /* ContentView.swift */ = {isa = PBXFileReference; lastKnownFileType = sourcecode.swift; path = ContentView.swift; sourceTree = "<group>"; };
		4A9ED6202860E64A0099D4D2 /* Assets.xcassets */ = {isa = PBXFileReference; lastKnownFileType = folder.assetcatalog; path = Assets.xcassets; sourceTree = "<group>"; };
		4A9ED6232860E64A0099D4D2 /* Preview Assets.xcassets */ = {isa = PBXFileReference; lastKnownFileType = folder.assetcatalog; path = "Preview Assets.xcassets"; sourceTree = "<group>"; };
		4A9ED6292860E64B0099D4D2 /* LoactionButtonTests.xctest */ = {isa = PBXFileReference; explicitFileType = wrapper.cfbundle; includeInIndex = 0; path = LoactionButtonTests.xctest; sourceTree = BUILT_PRODUCTS_DIR; };
		4A9ED62D2860E64B0099D4D2 /* LoactionButtonTests.swift */ = {isa = PBXFileReference; lastKnownFileType = sourcecode.swift; path = LoactionButtonTests.swift; sourceTree = "<group>"; };
		4A9ED6332860E64B0099D4D2 /* LoactionButtonUITests.xctest */ = {isa = PBXFileReference; explicitFileType = wrapper.cfbundle; includeInIndex = 0; path = LoactionButtonUITests.xctest; sourceTree = BUILT_PRODUCTS_DIR; };
		4A9ED6372860E64B0099D4D2 /* LoactionButtonUITests.swift */ = {isa = PBXFileReference; lastKnownFileType = sourcecode.swift; path = LoactionButtonUITests.swift; sourceTree = "<group>"; };
		4A9ED6392860E64B0099D4D2 /* LoactionButtonUITestsLaunchTests.swift */ = {isa = PBXFileReference; lastKnownFileType = sourcecode.swift; path = LoactionButtonUITestsLaunchTests.swift; sourceTree = "<group>"; };
/* End PBXFileReference section */

/* Begin PBXFrameworksBuildPhase section */
		4A9ED6162860E6460099D4D2 /* Frameworks */ = {
			isa = PBXFrameworksBuildPhase;
			buildActionMask = 2147483647;
			files = (
			);
			runOnlyForDeploymentPostprocessing = 0;
		};
		4A9ED6262860E64B0099D4D2 /* Frameworks */ = {
			isa = PBXFrameworksBuildPhase;
			buildActionMask = 2147483647;
			files = (
			);
			runOnlyForDeploymentPostprocessing = 0;
		};
		4A9ED6302860E64B0099D4D2 /* Frameworks */ = {
			isa = PBXFrameworksBuildPhase;
			buildActionMask = 2147483647;
			files = (
			);
			runOnlyForDeploymentPostprocessing = 0;
		};
/* End PBXFrameworksBuildPhase section */

/* Begin PBXGroup section */
		4A9ED6102860E6460099D4D2 = {
			isa = PBXGroup;
			children = (
				4A9ED61B2860E6460099D4D2 /* LoactionButton */,
				4A9ED62C2860E64B0099D4D2 /* LoactionButtonTests */,
				4A9ED6362860E64B0099D4D2 /* LoactionButtonUITests */,
				4A9ED61A2860E6460099D4D2 /* Products */,
			);
			sourceTree = "<group>";
		};
		4A9ED61A2860E6460099D4D2 /* Products */ = {
			isa = PBXGroup;
			children = (
				4A9ED6192860E6460099D4D2 /* LoactionButton.app */,
				4A9ED6292860E64B0099D4D2 /* LoactionButtonTests.xctest */,
				4A9ED6332860E64B0099D4D2 /* LoactionButtonUITests.xctest */,
			);
			name = Products;
			sourceTree = "<group>";
		};
		4A9ED61B2860E6460099D4D2 /* LoactionButton */ = {
			isa = PBXGroup;
			children = (
				4A9ED61C2860E6460099D4D2 /* LoactionButtonApp.swift */,
				4A9ED61E2860E6460099D4D2 /* ContentView.swift */,
				4A9ED6202860E64A0099D4D2 /* Assets.xcassets */,
				4A9ED6222860E64A0099D4D2 /* Preview Content */,
			);
			path = LoactionButton;
			sourceTree = "<group>";
		};
		4A9ED6222860E64A0099D4D2 /* Preview Content */ = {
			isa = PBXGroup;
			children = (
				4A9ED6232860E64A0099D4D2 /* Preview Assets.xcassets */,
			);
			path = "Preview Content";
			sourceTree = "<group>";
		};
		4A9ED62C2860E64B0099D4D2 /* LoactionButtonTests */ = {
			isa = PBXGroup;
			children = (
				4A9ED62D2860E64B0099D4D2 /* LoactionButtonTests.swift */,
			);
			path = LoactionButtonTests;
			sourceTree = "<group>";
		};
		4A9ED6362860E64B0099D4D2 /* LoactionButtonUITests */ = {
			isa = PBXGroup;
			children = (
				4A9ED6372860E64B0099D4D2 /* LoactionButtonUITests.swift */,
				4A9ED6392860E64B0099D4D2 /* LoactionButtonUITestsLaunchTests.swift */,
			);
			path = LoactionButtonUITests;
			sourceTree = "<group>";
		};
/* End PBXGroup section */

/* Begin PBXNativeTarget section */
		4A9ED6182860E6460099D4D2 /* LoactionButton */ = {
			isa = PBXNativeTarget;
			buildConfigurationList = 4A9ED63D2860E64B0099D4D2 /* Build configuration list for PBXNativeTarget "LoactionButton" */;
			buildPhases = (
				4A9ED6152860E6460099D4D2 /* Sources */,
				4A9ED6162860E6460099D4D2 /* Frameworks */,
				4A9ED6172860E6460099D4D2 /* Resources */,
			);
			buildRules = (
			);
			dependencies = (
			);
			name = LoactionButton;
			productName = LoactionButton;
			productReference = 4A9ED6192860E6460099D4D2 /* LoactionButton.app */;
			productType = "com.apple.product-type.application";
		};
		4A9ED6282860E64B0099D4D2 /* LoactionButtonTests */ = {
			isa = PBXNativeTarget;
			buildConfigurationList = 4A9ED6402860E64B0099D4D2 /* Build configuration list for PBXNativeTarget "LoactionButtonTests" */;
			buildPhases = (
				4A9ED6252860E64B0099D4D2 /* Sources */,
				4A9ED6262860E64B0099D4D2 /* Frameworks */,
				4A9ED6272860E64B0099D4D2 /* Resources */,
			);
			buildRules = (
			);
			dependencies = (
				4A9ED62B2860E64B0099D4D2 /* PBXTargetDependency */,
			);
			name = LoactionButtonTests;
			productName = LoactionButtonTests;
			productReference = 4A9ED6292860E64B0099D4D2 /* LoactionButtonTests.xctest */;
			productType = "com.apple.product-type.bundle.unit-test";
		};
		4A9ED6322860E64B0099D4D2 /* LoactionButtonUITests */ = {
			isa = PBXNativeTarget;
			buildConfigurationList = 4A9ED6432860E64B0099D4D2 /* Build configuration list for PBXNativeTarget "LoactionButtonUITests" */;
			buildPhases = (
				4A9ED62F2860E64B0099D4D2 /* Sources */,
				4A9ED6302860E64B0099D4D2 /* Frameworks */,
				4A9ED6312860E64B0099D4D2 /* Resources */,
			);
			buildRules = (
			);
			dependencies = (
				4A9ED6352860E64B0099D4D2 /* PBXTargetDependency */,
			);
			name = LoactionButtonUITests;
			productName = LoactionButtonUITests;
			productReference = 4A9ED6332860E64B0099D4D2 /* LoactionButtonUITests.xctest */;
			productType = "com.apple.product-type.bundle.ui-testing";
		};
/* End PBXNativeTarget section */

/* Begin PBXProject section */
		4A9ED6112860E6460099D4D2 /* Project object */ = {
			isa = PBXProject;
			attributes = {
				BuildIndependentTargetsInParallel = 1;
				LastSwiftUpdateCheck = 1340;
				LastUpgradeCheck = 1340;
				TargetAttributes = {
					4A9ED6182860E6460099D4D2 = {
						CreatedOnToolsVersion = 13.4.1;
					};
					4A9ED6282860E64B0099D4D2 = {
						CreatedOnToolsVersion = 13.4.1;
						TestTargetID = 4A9ED6182860E6460099D4D2;
					};
					4A9ED6322860E64B0099D4D2 = {
						CreatedOnToolsVersion = 13.4.1;
						TestTargetID = 4A9ED6182860E6460099D4D2;
					};
				};
			};
			buildConfigurationList = 4A9ED6142860E6460099D4D2 /* Build configuration list for PBXProject "LoactionButton" */;
			compatibilityVersion = "Xcode 13.0";
			developmentRegion = en;
			hasScannedForEncodings = 0;
			knownRegions = (
				en,
				Base,
			);
			mainGroup = 4A9ED6102860E6460099D4D2;
			productRefGroup = 4A9ED61A2860E6460099D4D2 /* Products */;
			projectDirPath = "";
			projectRoot = "";
			targets = (
				4A9ED6182860E6460099D4D2 /* LoactionButton */,
				4A9ED6282860E64B0099D4D2 /* LoactionButtonTests */,
				4A9ED6322860E64B0099D4D2 /* LoactionButtonUITests */,
			);
		};
/* End PBXProject section */

/* Begin PBXResourcesBuildPhase section */
		4A9ED6172860E6460099D4D2 /* Resources */ = {
			isa = PBXResourcesBuildPhase;
			buildActionMask = 2147483647;
			files = (
				4A9ED6242860E64A0099D4D2 /* Preview Assets.xcassets in Resources */,
				4A9ED6212860E64A0099D4D2 /* Assets.xcassets in Resources */,
			);
			runOnlyForDeploymentPostprocessing = 0;
		};
		4A9ED6272860E64B0099D4D2 /* Resources */ = {
			isa = PBXResourcesBuildPhase;
			buildActionMask = 2147483647;
			files = (
			);
			runOnlyForDeploymentPostprocessing = 0;
		};
		4A9ED6312860E64B0099D4D2 /* Resources */ = {
			isa = PBXResourcesBuildPhase;
			buildActionMask = 2147483647;
			files = (
			);
			runOnlyForDeploymentPostprocessing = 0;
		};
/* End PBXResourcesBuildPhase section */

/* Begin PBXSourcesBuildPhase section */
		4A9ED6152860E6460099D4D2 /* Sources */ = {
			isa = PBXSourcesBuildPhase;
			buildActionMask = 2147483647;
			files = (
				4A9ED61F2860E6460099D4D2 /* ContentView.swift in Sources */,
				4A9ED61D2860E6460099D4D2 /* LoactionButtonApp.swift in Sources */,
			);
			runOnlyForDeploymentPostprocessing = 0;
		};
		4A9ED6252860E64B0099D4D2 /* Sources */ = {
			isa = PBXSourcesBuildPhase;
			buildActionMask = 2147483647;
			files = (
				4A9ED62E2860E64B0099D4D2 /* LoactionButtonTests.swift in Sources */,
			);
			runOnlyForDeploymentPostprocessing = 0;
		};
		4A9ED62F2860E64B0099D4D2 /* Sources */ = {
			isa = PBXSourcesBuildPhase;
			buildActionMask = 2147483647;
			files = (
				4A9ED6382860E64B0099D4D2 /* LoactionButtonUITests.swift in Sources */,
				4A9ED63A2860E64B0099D4D2 /* LoactionButtonUITestsLaunchTests.swift in Sources */,
			);
			runOnlyForDeploymentPostprocessing = 0;
		};
/* End PBXSourcesBuildPhase section */

/* Begin PBXTargetDependency section */
		4A9ED62B2860E64B0099D4D2 /* PBXTargetDependency */ = {
			isa = PBXTargetDependency;
			target = 4A9ED6182860E6460099D4D2 /* LoactionButton */;
			targetProxy = 4A9ED62A2860E64B0099D4D2 /* PBXContainerItemProxy */;
		};
		4A9ED6352860E64B0099D4D2 /* PBXTargetDependency */ = {
			isa = PBXTargetDependency;
			target = 4A9ED6182860E6460099D4D2 /* LoactionButton */;
			targetProxy = 4A9ED6342860E64B0099D4D2 /* PBXContainerItemProxy */;
		};
/* End PBXTargetDependency section */

/* Begin XCBuildConfiguration section */
		4A9ED63B2860E64B0099D4D2 /* Debug */ = {
			isa = XCBuildConfiguration;
			buildSettings = {
				ALWAYS_SEARCH_USER_PATHS = NO;
				CLANG_ANALYZER_NONNULL = YES;
				CLANG_ANALYZER_NUMBER_OBJECT_CONVERSION = YES_AGGRESSIVE;
				CLANG_CXX_LANGUAGE_STANDARD = "gnu++17";
				CLANG_ENABLE_MODULES = YES;
				CLANG_ENABLE_OBJC_ARC = YES;
				CLANG_ENABLE_OBJC_WEAK = YES;
				CLANG_WARN_BLOCK_CAPTURE_AUTORELEASING = YES;
				CLANG_WARN_BOOL_CONVERSION = YES;
				CLANG_WARN_COMMA = YES;
				CLANG_WARN_CONSTANT_CONVERSION = YES;
				CLANG_WARN_DEPRECATED_OBJC_IMPLEMENTATIONS = YES;
				CLANG_WARN_DIRECT_OBJC_ISA_USAGE = YES_ERROR;
				CLANG_WARN_DOCUMENTATION_COMMENTS = YES;
				CLANG_WARN_EMPTY_BODY = YES;
				CLANG_WARN_ENUM_CONVERSION = YES;
				CLANG_WARN_INFINITE_RECURSION = YES;
				CLANG_WARN_INT_CONVERSION = YES;
				CLANG_WARN_NON_LITERAL_NULL_CONVERSION = YES;
				CLANG_WARN_OBJC_IMPLICIT_RETAIN_SELF = YES;
				CLANG_WARN_OBJC_LITERAL_CONVERSION = YES;
				CLANG_WARN_OBJC_ROOT_CLASS = YES_ERROR;
				CLANG_WARN_QUOTED_INCLUDE_IN_FRAMEWORK_HEADER = YES;
				CLANG_WARN_RANGE_LOOP_ANALYSIS = YES;
				CLANG_WARN_STRICT_PROTOTYPES = YES;
				CLANG_WARN_SUSPICIOUS_MOVE = YES;
				CLANG_WARN_UNGUARDED_AVAILABILITY = YES_AGGRESSIVE;
				CLANG_WARN_UNREACHABLE_CODE = YES;
				CLANG_WARN__DUPLICATE_METHOD_MATCH = YES;
				COPY_PHASE_STRIP = NO;
				DEBUG_INFORMATION_FORMAT = dwarf;
				ENABLE_STRICT_OBJC_MSGSEND = YES;
				ENABLE_TESTABILITY = YES;
				GCC_C_LANGUAGE_STANDARD = gnu11;
				GCC_DYNAMIC_NO_PIC = NO;
				GCC_NO_COMMON_BLOCKS = YES;
				GCC_OPTIMIZATION_LEVEL = 0;
				GCC_PREPROCESSOR_DEFINITIONS = (
					"DEBUG=1",
					"$(inherited)",
				);
				GCC_WARN_64_TO_32_BIT_CONVERSION = YES;
				GCC_WARN_ABOUT_RETURN_TYPE = YES_ERROR;
				GCC_WARN_UNDECLARED_SELECTOR = YES;
				GCC_WARN_UNINITIALIZED_AUTOS = YES_AGGRESSIVE;
				GCC_WARN_UNUSED_FUNCTION = YES;
				GCC_WARN_UNUSED_VARIABLE = YES;
				IPHONEOS_DEPLOYMENT_TARGET = 15.5;
				MTL_ENABLE_DEBUG_INFO = INCLUDE_SOURCE;
				MTL_FAST_MATH = YES;
				ONLY_ACTIVE_ARCH = YES;
				SDKROOT = iphoneos;
				SWIFT_ACTIVE_COMPILATION_CONDITIONS = DEBUG;
				SWIFT_OPTIMIZATION_LEVEL = "-Onone";
			};
			name = Debug;
		};
		4A9ED63C2860E64B0099D4D2 /* Release */ = {
			isa = XCBuildConfiguration;
			buildSettings = {
				ALWAYS_SEARCH_USER_PATHS = NO;
				CLANG_ANALYZER_NONNULL = YES;
				CLANG_ANALYZER_NUMBER_OBJECT_CONVERSION = YES_AGGRESSIVE;
				CLANG_CXX_LANGUAGE_STANDARD = "gnu++17";
				CLANG_ENABLE_MODULES = YES;
				CLANG_ENABLE_OBJC_ARC = YES;
				CLANG_ENABLE_OBJC_WEAK = YES;
				CLANG_WARN_BLOCK_CAPTURE_AUTORELEASING = YES;
				CLANG_WARN_BOOL_CONVERSION = YES;
				CLANG_WARN_COMMA = YES;
				CLANG_WARN_CONSTANT_CONVERSION = YES;
				CLANG_WARN_DEPRECATED_OBJC_IMPLEMENTATIONS = YES;
				CLANG_WARN_DIRECT_OBJC_ISA_USAGE = YES_ERROR;
				CLANG_WARN_DOCUMENTATION_COMMENTS = YES;
				CLANG_WARN_EMPTY_BODY = YES;
				CLANG_WARN_ENUM_CONVERSION = YES;
				CLANG_WARN_INFINITE_RECURSION = YES;
				CLANG_WARN_INT_CONVERSION = YES;
				CLANG_WARN_NON_LITERAL_NULL_CONVERSION = YES;
				CLANG_WARN_OBJC_IMPLICIT_RETAIN_SELF = YES;
				CLANG_WARN_OBJC_LITERAL_CONVERSION = YES;
				CLANG_WARN_OBJC_ROOT_CLASS = YES_ERROR;
				CLANG_WARN_QUOTED_INCLUDE_IN_FRAMEWORK_HEADER = YES;
				CLANG_WARN_RANGE_LOOP_ANALYSIS = YES;
				CLANG_WARN_STRICT_PROTOTYPES = YES;
				CLANG_WARN_SUSPICIOUS_MOVE = YES;
				CLANG_WARN_UNGUARDED_AVAILABILITY = YES_AGGRESSIVE;
				CLANG_WARN_UNREACHABLE_CODE = YES;
				CLANG_WARN__DUPLICATE_METHOD_MATCH = YES;
				COPY_PHASE_STRIP = NO;
				DEBUG_INFORMATION_FORMAT = "dwarf-with-dsym";
				ENABLE_NS_ASSERTIONS = NO;
				ENABLE_STRICT_OBJC_MSGSEND = YES;
				GCC_C_LANGUAGE_STANDARD = gnu11;
				GCC_NO_COMMON_BLOCKS = YES;
				GCC_WARN_64_TO_32_BIT_CONVERSION = YES;
				GCC_WARN_ABOUT_RETURN_TYPE = YES_ERROR;
				GCC_WARN_UNDECLARED_SELECTOR = YES;
				GCC_WARN_UNINITIALIZED_AUTOS = YES_AGGRESSIVE;
				GCC_WARN_UNUSED_FUNCTION = YES;
				GCC_WARN_UNUSED_VARIABLE = YES;
				IPHONEOS_DEPLOYMENT_TARGET = 15.5;
				MTL_ENABLE_DEBUG_INFO = NO;
				MTL_FAST_MATH = YES;
				SDKROOT = iphoneos;
				SWIFT_COMPILATION_MODE = wholemodule;
				SWIFT_OPTIMIZATION_LEVEL = "-O";
				VALIDATE_PRODUCT = YES;
			};
			name = Release;
		};
		4A9ED63E2860E64B0099D4D2 /* Debug */ = {
			isa = XCBuildConfiguration;
			buildSettings = {
				ASSETCATALOG_COMPILER_APPICON_NAME = AppIcon;
				ASSETCATALOG_COMPILER_GLOBAL_ACCENT_COLOR_NAME = AccentColor;
				CODE_SIGN_STYLE = Automatic;
				CURRENT_PROJECT_VERSION = 1;
				DEVELOPMENT_ASSET_PATHS = "\"LoactionButton/Preview Content\"";
				DEVELOPMENT_TEAM = 9H369CM94A;
				ENABLE_PREVIEWS = YES;
				GENERATE_INFOPLIST_FILE = YES;
				INFOPLIST_KEY_UIApplicationSceneManifest_Generation = YES;
				INFOPLIST_KEY_UIApplicationSupportsIndirectInputEvents = YES;
				INFOPLIST_KEY_UILaunchScreen_Generation = YES;
				INFOPLIST_KEY_UISupportedInterfaceOrientations_iPad = "UIInterfaceOrientationPortrait UIInterfaceOrientationPortraitUpsideDown UIInterfaceOrientationLandscapeLeft UIInterfaceOrientationLandscapeRight";
				INFOPLIST_KEY_UISupportedInterfaceOrientations_iPhone = "UIInterfaceOrientationPortrait UIInterfaceOrientationLandscapeLeft UIInterfaceOrientationLandscapeRight";
				LD_RUNPATH_SEARCH_PATHS = (
					"$(inherited)",
					"@executable_path/Frameworks",
				);
				MARKETING_VERSION = 1.0;
				PRODUCT_BUNDLE_IDENTIFIER = io.iosacademy.LoactionButton;
				PRODUCT_NAME = "$(TARGET_NAME)";
				SWIFT_EMIT_LOC_STRINGS = YES;
				SWIFT_VERSION = 5.0;
				TARGETED_DEVICE_FAMILY = "1,2";
			};
			name = Debug;
		};
		4A9ED63F2860E64B0099D4D2 /* Release */ = {
			isa = XCBuildConfiguration;
			buildSettings = {
				ASSETCATALOG_COMPILER_APPICON_NAME = AppIcon;
				ASSETCATALOG_COMPILER_GLOBAL_ACCENT_COLOR_NAME = AccentColor;
				CODE_SIGN_STYLE = Automatic;
				CURRENT_PROJECT_VERSION = 1;
				DEVELOPMENT_ASSET_PATHS = "\"LoactionButton/Preview Content\"";
				DEVELOPMENT_TEAM = 9H369CM94A;
				ENABLE_PREVIEWS = YES;
				GENERATE_INFOPLIST_FILE = YES;
				INFOPLIST_KEY_UIApplicationSceneManifest_Generation = YES;
				INFOPLIST_KEY_UIApplicationSupportsIndirectInputEvents = YES;
				INFOPLIST_KEY_UILaunchScreen_Generation = YES;
				INFOPLIST_KEY_UISupportedInterfaceOrientations_iPad = "UIInterfaceOrientationPortrait UIInterfaceOrientationPortraitUpsideDown UIInterfaceOrientationLandscapeLeft UIInterfaceOrientationLandscapeRight";
				INFOPLIST_KEY_UISupportedInterfaceOrientations_iPhone = "UIInterfaceOrientationPortrait UIInterfaceOrientationLandscapeLeft UIInterfaceOrientationLandscapeRight";
				LD_RUNPATH_SEARCH_PATHS = (
					"$(inherited)",
					"@executable_path/Frameworks",
				);
				MARKETING_VERSION = 1.0;
				PRODUCT_BUNDLE_IDENTIFIER = io.iosacademy.LoactionButton;
				PRODUCT_NAME = "$(TARGET_NAME)";
				SWIFT_EMIT_LOC_STRINGS = YES;
				SWIFT_VERSION = 5.0;
				TARGETED_DEVICE_FAMILY = "1,2";
			};
			name = Release;
		};
		4A9ED6412860E64B0099D4D2 /* Debug */ = {
			isa = XCBuildConfiguration;
			buildSettings = {
				ALWAYS_EMBED_SWIFT_STANDARD_LIBRARIES = YES;
				BUNDLE_LOADER = "$(TEST_HOST)";
				CODE_SIGN_STYLE = Automatic;
				CURRENT_PROJECT_VERSION = 1;
				DEVELOPMENT_TEAM = 9H369CM94A;
				GENERATE_INFOPLIST_FILE = YES;
				IPHONEOS_DEPLOYMENT_TARGET = 15.5;
				MARKETING_VERSION = 1.0;
				PRODUCT_BUNDLE_IDENTIFIER = io.iosacademy.LoactionButtonTests;
				PRODUCT_NAME = "$(TARGET_NAME)";
				SWIFT_EMIT_LOC_STRINGS = NO;
				SWIFT_VERSION = 5.0;
				TARGETED_DEVICE_FAMILY = "1,2";
				TEST_HOST = "$(BUILT_PRODUCTS_DIR)/LoactionButton.app/LoactionButton";
			};
			name = Debug;
		};
		4A9ED6422860E64B0099D4D2 /* Release */ = {
			isa = XCBuildConfiguration;
			buildSettings = {
				ALWAYS_EMBED_SWIFT_STANDARD_LIBRARIES = YES;
				BUNDLE_LOADER = "$(TEST_HOST)";
				CODE_SIGN_STYLE = Automatic;
				CURRENT_PROJECT_VERSION = 1;
				DEVELOPMENT_TEAM = 9H369CM94A;
				GENERATE_INFOPLIST_FILE = YES;
				IPHONEOS_DEPLOYMENT_TARGET = 15.5;
				MARKETING_VERSION = 1.0;
				PRODUCT_BUNDLE_IDENTIFIER = io.iosacademy.LoactionButtonTests;
				PRODUCT_NAME = "$(TARGET_NAME)";
				SWIFT_EMIT_LOC_STRINGS = NO;
				SWIFT_VERSION = 5.0;
				TARGETED_DEVICE_FAMILY = "1,2";
				TEST_HOST = "$(BUILT_PRODUCTS_DIR)/LoactionButton.app/LoactionButton";
			};
			name = Release;
		};
		4A9ED6442860E64B0099D4D2 /* Debug */ = {
			isa = XCBuildConfiguration;
			buildSettings = {
				ALWAYS_EMBED_SWIFT_STANDARD_LIBRARIES = YES;
				CODE_SIGN_STYLE = Automatic;
				CURRENT_PROJECT_VERSION = 1;
				DEVELOPMENT_TEAM = 9H369CM94A;
				GENERATE_INFOPLIST_FILE = YES;
				MARKETING_VERSION = 1.0;
				PRODUCT_BUNDLE_IDENTIFIER = io.iosacademy.LoactionButtonUITests;
				PRODUCT_NAME = "$(TARGET_NAME)";
				SWIFT_EMIT_LOC_STRINGS = NO;
				SWIFT_VERSION = 5.0;
				TARGETED_DEVICE_FAMILY = "1,2";
				TEST_TARGET_NAME = LoactionButton;
			};
			name = Debug;
		};
		4A9ED6452860E64B0099D4D2 /* Release */ = {
			isa = XCBuildConfiguration;
			buildSettings = {
				ALWAYS_EMBED_SWIFT_STANDARD_LIBRARIES = YES;
				CODE_SIGN_STYLE = Automatic;
				CURRENT_PROJECT_VERSION = 1;
				DEVELOPMENT_TEAM = 9H369CM94A;
				GENERATE_INFOPLIST_FILE = YES;
				MARKETING_VERSION = 1.0;
				PRODUCT_BUNDLE_IDENTIFIER = io.iosacademy.LoactionButtonUITests;
				PRODUCT_NAME = "$(TARGET_NAME)";
				SWIFT_EMIT_LOC_STRINGS = NO;
				SWIFT_VERSION = 5.0;
				TARGETED_DEVICE_FAMILY = "1,2";
				TEST_TARGET_NAME = LoactionButton;
			};
			name = Release;
		};
/* End XCBuildConfiguration section */

/* Begin XCConfigurationList section */
		4A9ED6142860E6460099D4D2 /* Build configuration list for PBXProject "LoactionButton" */ = {
			isa = XCConfigurationList;
			buildConfigurations = (
				4A9ED63B2860E64B0099D4D2 /* Debug */,
				4A9ED63C2860E64B0099D4D2 /* Release */,
			);
			defaultConfigurationIsVisible = 0;
			defaultConfigurationName = Release;
		};
		4A9ED63D2860E64B0099D4D2 /* Build configuration list for PBXNativeTarget "LoactionButton" */ = {
			isa = XCConfigurationList;
			buildConfigurations = (
				4A9ED63E2860E64B0099D4D2 /* Debug */,
				4A9ED63F2860E64B0099D4D2 /* Release */,
			);
			defaultConfigurationIsVisible = 0;
			defaultConfigurationName = Release;
		};
		4A9ED6402860E64B0099D4D2 /* Build configuration list for PBXNativeTarget "LoactionButtonTests" */ = {
			isa = XCConfigurationList;
			buildConfigurations = (
				4A9ED6412860E64B0099D4D2 /* Debug */,
				4A9ED6422860E64B0099D4D2 /* Release */,
			);
			defaultConfigurationIsVisible = 0;
			defaultConfigurationName = Release;
		};
		4A9ED6432860E64B0099D4D2 /* Build configuration list for PBXNativeTarget "LoactionButtonUITests" */ = {
			isa = XCConfigurationList;
			buildConfigurations = (
				4A9ED6442860E64B0099D4D2 /* Debug */,
				4A9ED6452860E64B0099D4D2 /* Release */,
			);
			defaultConfigurationIsVisible = 0;
			defaultConfigurationName = Release;
		};
/* End XCConfigurationList section */
	};
	rootObject = 4A9ED6112860E6460099D4D2 /* Project object */;
}
